// !$*UTF8*$!
{
	archiveVersion = 1;
	classes = {
	};
	objectVersion = 56;
	objects = {

/* Begin PBXBuildFile section */
		0A28A32C66C2964C476D2A41 /* Pods_ARSiteGuideTests.framework in Frameworks */ = {isa = PBXBuildFile; fileRef = F8E8E9E48D212A23D76E7D2F /* Pods_ARSiteGuideTests.framework */; };
		511F5ED931D89F3475163805 /* Pods_ARSiteGuide.framework in Frameworks */ = {isa = PBXBuildFile; fileRef = 1860CDE347E6366DD00EF513 /* Pods_ARSiteGuide.framework */; };
		66ED652351F01476A4457D82 /* Pods_ARSiteGuide_ARSiteGuideUITests.framework in Frameworks */ = {isa = PBXBuildFile; fileRef = 720A400FC43EEA61A39CA03B /* Pods_ARSiteGuide_ARSiteGuideUITests.framework */; };
		676922DD2A0A49EF00A1E657 /* SplashView.swift in Sources */ = {isa = PBXBuildFile; fileRef = 676922DC2A0A49EF00A1E657 /* SplashView.swift */; };
		6778A4762A0A415D00D73CAF /* ARSiteGuideApp.swift in Sources */ = {isa = PBXBuildFile; fileRef = 6778A4752A0A415D00D73CAF /* ARSiteGuideApp.swift */; };
		6778A4782A0A415D00D73CAF /* ContentView.swift in Sources */ = {isa = PBXBuildFile; fileRef = 6778A4772A0A415D00D73CAF /* ContentView.swift */; };
		6778A47A2A0A415E00D73CAF /* Assets.xcassets in Resources */ = {isa = PBXBuildFile; fileRef = 6778A4792A0A415E00D73CAF /* Assets.xcassets */; };
		6778A47E2A0A415F00D73CAF /* Preview Assets.xcassets in Resources */ = {isa = PBXBuildFile; fileRef = 6778A47D2A0A415F00D73CAF /* Preview Assets.xcassets */; };
		6778A4882A0A415F00D73CAF /* ARSiteGuideTests.swift in Sources */ = {isa = PBXBuildFile; fileRef = 6778A4872A0A415F00D73CAF /* ARSiteGuideTests.swift */; };
		6778A4922A0A415F00D73CAF /* ARSiteGuideUITests.swift in Sources */ = {isa = PBXBuildFile; fileRef = 6778A4912A0A415F00D73CAF /* ARSiteGuideUITests.swift */; };
		6778A4942A0A415F00D73CAF /* ARSiteGuideUITestsLaunchTests.swift in Sources */ = {isa = PBXBuildFile; fileRef = 6778A4932A0A415F00D73CAF /* ARSiteGuideUITestsLaunchTests.swift */; };
		6778A4A32A0A441F00D73CAF /* LoginView.swift in Sources */ = {isa = PBXBuildFile; fileRef = 6778A4A22A0A441F00D73CAF /* LoginView.swift */; };
		B62C69FD2A0A4683008EB196 /* ARViewController.swift in Sources */ = {isa = PBXBuildFile; fileRef = B62C69FC2A0A4683008EB196 /* ARViewController.swift */; };
		B62C6A012A0A4708008EB196 /* WrapperView.swift in Sources */ = {isa = PBXBuildFile; fileRef = B62C6A002A0A4708008EB196 /* WrapperView.swift */; };
		B62C6A032A0A831E008EB196 /* 3DAssets.scnassets in Resources */ = {isa = PBXBuildFile; fileRef = B62C6A022A0A831E008EB196 /* 3DAssets.scnassets */; };
		B6343FF52A0A90E3002E2EC6 /* SCNScene+Extension.swift in Sources */ = {isa = PBXBuildFile; fileRef = B6343FF42A0A90E3002E2EC6 /* SCNScene+Extension.swift */; };
		B6343FF82A0A943F002E2EC6 /* wheelBarrow.usdz in Resources */ = {isa = PBXBuildFile; fileRef = B6343FF72A0A943F002E2EC6 /* wheelBarrow.usdz */; };
		B6343FFC2A0A95FF002E2EC6 /* retroTV.usdz in Resources */ = {isa = PBXBuildFile; fileRef = B6343FFB2A0A95FF002E2EC6 /* retroTV.usdz */; };
		B6343FFF2A0A9660002E2EC6 /* Asset3D.swift in Sources */ = {isa = PBXBuildFile; fileRef = B6343FFE2A0A9660002E2EC6 /* Asset3D.swift */; };
/* End PBXBuildFile section */

/* Begin PBXContainerItemProxy section */
		6778A4842A0A415F00D73CAF /* PBXContainerItemProxy */ = {
			isa = PBXContainerItemProxy;
			containerPortal = 6778A46A2A0A415D00D73CAF /* Project object */;
			proxyType = 1;
			remoteGlobalIDString = 6778A4712A0A415D00D73CAF;
			remoteInfo = ARSiteGuide;
		};
		6778A48E2A0A415F00D73CAF /* PBXContainerItemProxy */ = {
			isa = PBXContainerItemProxy;
			containerPortal = 6778A46A2A0A415D00D73CAF /* Project object */;
			proxyType = 1;
			remoteGlobalIDString = 6778A4712A0A415D00D73CAF;
			remoteInfo = ARSiteGuide;
		};
/* End PBXContainerItemProxy section */

/* Begin PBXFileReference section */
		0B4E4952674603753585626C /* Pods-ARSiteGuide.release.xcconfig */ = {isa = PBXFileReference; includeInIndex = 1; lastKnownFileType = text.xcconfig; name = "Pods-ARSiteGuide.release.xcconfig"; path = "Target Support Files/Pods-ARSiteGuide/Pods-ARSiteGuide.release.xcconfig"; sourceTree = "<group>"; };
		1860CDE347E6366DD00EF513 /* Pods_ARSiteGuide.framework */ = {isa = PBXFileReference; explicitFileType = wrapper.framework; includeInIndex = 0; path = Pods_ARSiteGuide.framework; sourceTree = BUILT_PRODUCTS_DIR; };
		4666494B80284640CD19B7BE /* Pods-ARSiteGuideTests.release.xcconfig */ = {isa = PBXFileReference; includeInIndex = 1; lastKnownFileType = text.xcconfig; name = "Pods-ARSiteGuideTests.release.xcconfig"; path = "Target Support Files/Pods-ARSiteGuideTests/Pods-ARSiteGuideTests.release.xcconfig"; sourceTree = "<group>"; };
		676922DC2A0A49EF00A1E657 /* SplashView.swift */ = {isa = PBXFileReference; lastKnownFileType = sourcecode.swift; name = SplashView.swift; path = ARSiteGuide/SplashView.swift; sourceTree = SOURCE_ROOT; };
		6778A4722A0A415D00D73CAF /* ARSiteGuide.app */ = {isa = PBXFileReference; explicitFileType = wrapper.application; includeInIndex = 0; path = ARSiteGuide.app; sourceTree = BUILT_PRODUCTS_DIR; };
		6778A4752A0A415D00D73CAF /* ARSiteGuideApp.swift */ = {isa = PBXFileReference; lastKnownFileType = sourcecode.swift; path = ARSiteGuideApp.swift; sourceTree = "<group>"; };
		6778A4772A0A415D00D73CAF /* ContentView.swift */ = {isa = PBXFileReference; lastKnownFileType = sourcecode.swift; path = ContentView.swift; sourceTree = "<group>"; };
		6778A4792A0A415E00D73CAF /* Assets.xcassets */ = {isa = PBXFileReference; lastKnownFileType = folder.assetcatalog; path = Assets.xcassets; sourceTree = "<group>"; };
		6778A47B2A0A415E00D73CAF /* ARSiteGuide.entitlements */ = {isa = PBXFileReference; lastKnownFileType = text.plist.entitlements; path = ARSiteGuide.entitlements; sourceTree = "<group>"; };
		6778A47D2A0A415F00D73CAF /* Preview Assets.xcassets */ = {isa = PBXFileReference; lastKnownFileType = folder.assetcatalog; path = "Preview Assets.xcassets"; sourceTree = "<group>"; };
		6778A4832A0A415F00D73CAF /* ARSiteGuideTests.xctest */ = {isa = PBXFileReference; explicitFileType = wrapper.cfbundle; includeInIndex = 0; path = ARSiteGuideTests.xctest; sourceTree = BUILT_PRODUCTS_DIR; };
		6778A4872A0A415F00D73CAF /* ARSiteGuideTests.swift */ = {isa = PBXFileReference; lastKnownFileType = sourcecode.swift; path = ARSiteGuideTests.swift; sourceTree = "<group>"; };
		6778A48D2A0A415F00D73CAF /* ARSiteGuideUITests.xctest */ = {isa = PBXFileReference; explicitFileType = wrapper.cfbundle; includeInIndex = 0; path = ARSiteGuideUITests.xctest; sourceTree = BUILT_PRODUCTS_DIR; };
		6778A4912A0A415F00D73CAF /* ARSiteGuideUITests.swift */ = {isa = PBXFileReference; lastKnownFileType = sourcecode.swift; path = ARSiteGuideUITests.swift; sourceTree = "<group>"; };
		6778A4932A0A415F00D73CAF /* ARSiteGuideUITestsLaunchTests.swift */ = {isa = PBXFileReference; lastKnownFileType = sourcecode.swift; path = ARSiteGuideUITestsLaunchTests.swift; sourceTree = "<group>"; };
		6778A4A22A0A441F00D73CAF /* LoginView.swift */ = {isa = PBXFileReference; lastKnownFileType = sourcecode.swift; path = LoginView.swift; sourceTree = "<group>"; };
		6D1F28D4FBA724DD731E42EB /* Pods-ARSiteGuideTests.debug.xcconfig */ = {isa = PBXFileReference; includeInIndex = 1; lastKnownFileType = text.xcconfig; name = "Pods-ARSiteGuideTests.debug.xcconfig"; path = "Target Support Files/Pods-ARSiteGuideTests/Pods-ARSiteGuideTests.debug.xcconfig"; sourceTree = "<group>"; };
		720A400FC43EEA61A39CA03B /* Pods_ARSiteGuide_ARSiteGuideUITests.framework */ = {isa = PBXFileReference; explicitFileType = wrapper.framework; includeInIndex = 0; path = Pods_ARSiteGuide_ARSiteGuideUITests.framework; sourceTree = BUILT_PRODUCTS_DIR; };
		B62C69FC2A0A4683008EB196 /* ARViewController.swift */ = {isa = PBXFileReference; lastKnownFileType = sourcecode.swift; path = ARViewController.swift; sourceTree = "<group>"; };
		B62C6A002A0A4708008EB196 /* WrapperView.swift */ = {isa = PBXFileReference; lastKnownFileType = sourcecode.swift; path = WrapperView.swift; sourceTree = "<group>"; };
		B62C6A022A0A831E008EB196 /* 3DAssets.scnassets */ = {isa = PBXFileReference; lastKnownFileType = wrapper.scnassets; path = 3DAssets.scnassets; sourceTree = "<group>"; };
		B6343FF42A0A90E3002E2EC6 /* SCNScene+Extension.swift */ = {isa = PBXFileReference; lastKnownFileType = sourcecode.swift; path = "SCNScene+Extension.swift"; sourceTree = "<group>"; };
		B6343FF72A0A943F002E2EC6 /* wheelBarrow.usdz */ = {isa = PBXFileReference; lastKnownFileType = file.usdz; path = wheelBarrow.usdz; sourceTree = "<group>"; };
		B6343FFB2A0A95FF002E2EC6 /* retroTV.usdz */ = {isa = PBXFileReference; lastKnownFileType = file.usdz; path = retroTV.usdz; sourceTree = "<group>"; };
		B6343FFE2A0A9660002E2EC6 /* Asset3D.swift */ = {isa = PBXFileReference; lastKnownFileType = sourcecode.swift; path = Asset3D.swift; sourceTree = "<group>"; };
		D3702AB2593786E8995165BB /* Pods-ARSiteGuide.debug.xcconfig */ = {isa = PBXFileReference; includeInIndex = 1; lastKnownFileType = text.xcconfig; name = "Pods-ARSiteGuide.debug.xcconfig"; path = "Target Support Files/Pods-ARSiteGuide/Pods-ARSiteGuide.debug.xcconfig"; sourceTree = "<group>"; };
		E5F5B179C77CC06FF863C54A /* Pods-ARSiteGuide-ARSiteGuideUITests.release.xcconfig */ = {isa = PBXFileReference; includeInIndex = 1; lastKnownFileType = text.xcconfig; name = "Pods-ARSiteGuide-ARSiteGuideUITests.release.xcconfig"; path = "Target Support Files/Pods-ARSiteGuide-ARSiteGuideUITests/Pods-ARSiteGuide-ARSiteGuideUITests.release.xcconfig"; sourceTree = "<group>"; };
		F8E8E9E48D212A23D76E7D2F /* Pods_ARSiteGuideTests.framework */ = {isa = PBXFileReference; explicitFileType = wrapper.framework; includeInIndex = 0; path = Pods_ARSiteGuideTests.framework; sourceTree = BUILT_PRODUCTS_DIR; };
		FA8BB4C20462D0C352BED100 /* Pods-ARSiteGuide-ARSiteGuideUITests.debug.xcconfig */ = {isa = PBXFileReference; includeInIndex = 1; lastKnownFileType = text.xcconfig; name = "Pods-ARSiteGuide-ARSiteGuideUITests.debug.xcconfig"; path = "Target Support Files/Pods-ARSiteGuide-ARSiteGuideUITests/Pods-ARSiteGuide-ARSiteGuideUITests.debug.xcconfig"; sourceTree = "<group>"; };
/* End PBXFileReference section */

/* Begin PBXFrameworksBuildPhase section */
		6778A46F2A0A415D00D73CAF /* Frameworks */ = {
			isa = PBXFrameworksBuildPhase;
			buildActionMask = 2147483647;
			files = (
				511F5ED931D89F3475163805 /* Pods_ARSiteGuide.framework in Frameworks */,
			);
			runOnlyForDeploymentPostprocessing = 0;
		};
		6778A4802A0A415F00D73CAF /* Frameworks */ = {
			isa = PBXFrameworksBuildPhase;
			buildActionMask = 2147483647;
			files = (
				0A28A32C66C2964C476D2A41 /* Pods_ARSiteGuideTests.framework in Frameworks */,
			);
			runOnlyForDeploymentPostprocessing = 0;
		};
		6778A48A2A0A415F00D73CAF /* Frameworks */ = {
			isa = PBXFrameworksBuildPhase;
			buildActionMask = 2147483647;
			files = (
				66ED652351F01476A4457D82 /* Pods_ARSiteGuide_ARSiteGuideUITests.framework in Frameworks */,
			);
			runOnlyForDeploymentPostprocessing = 0;
		};
/* End PBXFrameworksBuildPhase section */

/* Begin PBXGroup section */
		6778A4692A0A415D00D73CAF = {
			isa = PBXGroup;
			children = (
				6778A4742A0A415D00D73CAF /* ARSiteGuide */,
				6778A4862A0A415F00D73CAF /* ARSiteGuideTests */,
				6778A4902A0A415F00D73CAF /* ARSiteGuideUITests */,
				6778A4732A0A415D00D73CAF /* Products */,
				7B6C568C21AB7F61A9F71255 /* Pods */,
				868DFD59F3B842561B2609BE /* Frameworks */,
			);
			sourceTree = "<group>";
		};
		6778A4732A0A415D00D73CAF /* Products */ = {
			isa = PBXGroup;
			children = (
				6778A4722A0A415D00D73CAF /* ARSiteGuide.app */,
				6778A4832A0A415F00D73CAF /* ARSiteGuideTests.xctest */,
				6778A48D2A0A415F00D73CAF /* ARSiteGuideUITests.xctest */,
			);
			name = Products;
			sourceTree = "<group>";
		};
		6778A4742A0A415D00D73CAF /* ARSiteGuide */ = {
			isa = PBXGroup;
			children = (
				B6343FFD2A0A9640002E2EC6 /* Models */,
				B6343FF62A0A9420002E2EC6 /* 3D Models */,
				B6343FF32A0A90D4002E2EC6 /* Extensions */,
				B62C6A022A0A831E008EB196 /* 3DAssets.scnassets */,
				6778A4A42A0A481F00D73CAF /* Splash */,
				6778A4A12A0A43FA00D73CAF /* Home */,
				6778A4A02A0A43F200D73CAF /* Login */,
				6778A4752A0A415D00D73CAF /* ARSiteGuideApp.swift */,
				6778A4772A0A415D00D73CAF /* ContentView.swift */,
				6778A4792A0A415E00D73CAF /* Assets.xcassets */,
				6778A47B2A0A415E00D73CAF /* ARSiteGuide.entitlements */,
				6778A47C2A0A415F00D73CAF /* Preview Content */,
				B62C69FC2A0A4683008EB196 /* ARViewController.swift */,
				B62C6A002A0A4708008EB196 /* WrapperView.swift */,
			);
			path = ARSiteGuide;
			sourceTree = "<group>";
		};
		6778A47C2A0A415F00D73CAF /* Preview Content */ = {
			isa = PBXGroup;
			children = (
				6778A47D2A0A415F00D73CAF /* Preview Assets.xcassets */,
			);
			path = "Preview Content";
			sourceTree = "<group>";
		};
		6778A4862A0A415F00D73CAF /* ARSiteGuideTests */ = {
			isa = PBXGroup;
			children = (
				6778A4872A0A415F00D73CAF /* ARSiteGuideTests.swift */,
			);
			path = ARSiteGuideTests;
			sourceTree = "<group>";
		};
		6778A4902A0A415F00D73CAF /* ARSiteGuideUITests */ = {
			isa = PBXGroup;
			children = (
				6778A4912A0A415F00D73CAF /* ARSiteGuideUITests.swift */,
				6778A4932A0A415F00D73CAF /* ARSiteGuideUITestsLaunchTests.swift */,
			);
			path = ARSiteGuideUITests;
			sourceTree = "<group>";
		};
		6778A4A02A0A43F200D73CAF /* Login */ = {
			isa = PBXGroup;
			children = (
				6778A4A22A0A441F00D73CAF /* LoginView.swift */,
			);
			path = Login;
			sourceTree = "<group>";
		};
		6778A4A12A0A43FA00D73CAF /* Home */ = {
			isa = PBXGroup;
			children = (
			);
			path = Home;
			sourceTree = "<group>";
		};
		6778A4A42A0A481F00D73CAF /* Splash */ = {
			isa = PBXGroup;
			children = (
				676922DC2A0A49EF00A1E657 /* SplashView.swift */,
			);
			path = Splash;
			sourceTree = "<group>";
		};
		7B6C568C21AB7F61A9F71255 /* Pods */ = {
			isa = PBXGroup;
			children = (
				D3702AB2593786E8995165BB /* Pods-ARSiteGuide.debug.xcconfig */,
				0B4E4952674603753585626C /* Pods-ARSiteGuide.release.xcconfig */,
				FA8BB4C20462D0C352BED100 /* Pods-ARSiteGuide-ARSiteGuideUITests.debug.xcconfig */,
				E5F5B179C77CC06FF863C54A /* Pods-ARSiteGuide-ARSiteGuideUITests.release.xcconfig */,
				6D1F28D4FBA724DD731E42EB /* Pods-ARSiteGuideTests.debug.xcconfig */,
				4666494B80284640CD19B7BE /* Pods-ARSiteGuideTests.release.xcconfig */,
			);
			path = Pods;
			sourceTree = "<group>";
		};
		868DFD59F3B842561B2609BE /* Frameworks */ = {
			isa = PBXGroup;
			children = (
				1860CDE347E6366DD00EF513 /* Pods_ARSiteGuide.framework */,
				720A400FC43EEA61A39CA03B /* Pods_ARSiteGuide_ARSiteGuideUITests.framework */,
				F8E8E9E48D212A23D76E7D2F /* Pods_ARSiteGuideTests.framework */,
			);
			name = Frameworks;
			sourceTree = "<group>";
		};
		B6343FF32A0A90D4002E2EC6 /* Extensions */ = {
			isa = PBXGroup;
			children = (
				B6343FF42A0A90E3002E2EC6 /* SCNScene+Extension.swift */,
			);
			path = Extensions;
			sourceTree = "<group>";
		};
		B6343FF62A0A9420002E2EC6 /* 3D Models */ = {
			isa = PBXGroup;
			children = (
				B6343FFB2A0A95FF002E2EC6 /* retroTV.usdz */,
				B6343FF72A0A943F002E2EC6 /* wheelBarrow.usdz */,
			);
			path = "3D Models";
			sourceTree = "<group>";
		};
		B6343FFD2A0A9640002E2EC6 /* Models */ = {
			isa = PBXGroup;
			children = (
				B6343FFE2A0A9660002E2EC6 /* Asset3D.swift */,
			);
			path = Models;
			sourceTree = "<group>";
		};
/* End PBXGroup section */

/* Begin PBXNativeTarget section */
		6778A4712A0A415D00D73CAF /* ARSiteGuide */ = {
			isa = PBXNativeTarget;
			buildConfigurationList = 6778A4972A0A415F00D73CAF /* Build configuration list for PBXNativeTarget "ARSiteGuide" */;
			buildPhases = (
				ED59258E12818F75D0D93B33 /* [CP] Check Pods Manifest.lock */,
				6778A46E2A0A415D00D73CAF /* Sources */,
				6778A46F2A0A415D00D73CAF /* Frameworks */,
				6778A4702A0A415D00D73CAF /* Resources */,
				3470F60041DB0C65749EF4F4 /* [CP] Embed Pods Frameworks */,
			);
			buildRules = (
			);
			dependencies = (
			);
			name = ARSiteGuide;
			productName = ARSiteGuide;
			productReference = 6778A4722A0A415D00D73CAF /* ARSiteGuide.app */;
			productType = "com.apple.product-type.application";
		};
		6778A4822A0A415F00D73CAF /* ARSiteGuideTests */ = {
			isa = PBXNativeTarget;
			buildConfigurationList = 6778A49A2A0A415F00D73CAF /* Build configuration list for PBXNativeTarget "ARSiteGuideTests" */;
			buildPhases = (
				17587E61A12A61F7513E8BE8 /* [CP] Check Pods Manifest.lock */,
				6778A47F2A0A415F00D73CAF /* Sources */,
				6778A4802A0A415F00D73CAF /* Frameworks */,
				6778A4812A0A415F00D73CAF /* Resources */,
			);
			buildRules = (
			);
			dependencies = (
				6778A4852A0A415F00D73CAF /* PBXTargetDependency */,
			);
			name = ARSiteGuideTests;
			productName = ARSiteGuideTests;
			productReference = 6778A4832A0A415F00D73CAF /* ARSiteGuideTests.xctest */;
			productType = "com.apple.product-type.bundle.unit-test";
		};
		6778A48C2A0A415F00D73CAF /* ARSiteGuideUITests */ = {
			isa = PBXNativeTarget;
			buildConfigurationList = 6778A49D2A0A415F00D73CAF /* Build configuration list for PBXNativeTarget "ARSiteGuideUITests" */;
			buildPhases = (
				C80846113740312EF19C6803 /* [CP] Check Pods Manifest.lock */,
				6778A4892A0A415F00D73CAF /* Sources */,
				6778A48A2A0A415F00D73CAF /* Frameworks */,
				6778A48B2A0A415F00D73CAF /* Resources */,
				DFB425D2F35C11BE206C24FB /* [CP] Embed Pods Frameworks */,
			);
			buildRules = (
			);
			dependencies = (
				6778A48F2A0A415F00D73CAF /* PBXTargetDependency */,
			);
			name = ARSiteGuideUITests;
			productName = ARSiteGuideUITests;
			productReference = 6778A48D2A0A415F00D73CAF /* ARSiteGuideUITests.xctest */;
			productType = "com.apple.product-type.bundle.ui-testing";
		};
/* End PBXNativeTarget section */

/* Begin PBXProject section */
		6778A46A2A0A415D00D73CAF /* Project object */ = {
			isa = PBXProject;
			attributes = {
				BuildIndependentTargetsInParallel = 1;
				LastSwiftUpdateCheck = 1420;
				LastUpgradeCheck = 1420;
				TargetAttributes = {
					6778A4712A0A415D00D73CAF = {
						CreatedOnToolsVersion = 14.2;
					};
					6778A4822A0A415F00D73CAF = {
						CreatedOnToolsVersion = 14.2;
						TestTargetID = 6778A4712A0A415D00D73CAF;
					};
					6778A48C2A0A415F00D73CAF = {
						CreatedOnToolsVersion = 14.2;
						TestTargetID = 6778A4712A0A415D00D73CAF;
					};
				};
			};
			buildConfigurationList = 6778A46D2A0A415D00D73CAF /* Build configuration list for PBXProject "ARSiteGuide" */;
			compatibilityVersion = "Xcode 14.0";
			developmentRegion = en;
			hasScannedForEncodings = 0;
			knownRegions = (
				en,
				Base,
			);
			mainGroup = 6778A4692A0A415D00D73CAF;
			productRefGroup = 6778A4732A0A415D00D73CAF /* Products */;
			projectDirPath = "";
			projectRoot = "";
			targets = (
				6778A4712A0A415D00D73CAF /* ARSiteGuide */,
				6778A4822A0A415F00D73CAF /* ARSiteGuideTests */,
				6778A48C2A0A415F00D73CAF /* ARSiteGuideUITests */,
			);
		};
/* End PBXProject section */

/* Begin PBXResourcesBuildPhase section */
		6778A4702A0A415D00D73CAF /* Resources */ = {
			isa = PBXResourcesBuildPhase;
			buildActionMask = 2147483647;
			files = (
				6778A47E2A0A415F00D73CAF /* Preview Assets.xcassets in Resources */,
				B6343FFC2A0A95FF002E2EC6 /* retroTV.usdz in Resources */,
				B62C6A032A0A831E008EB196 /* 3DAssets.scnassets in Resources */,
				B6343FF82A0A943F002E2EC6 /* wheelBarrow.usdz in Resources */,
				6778A47A2A0A415E00D73CAF /* Assets.xcassets in Resources */,
			);
			runOnlyForDeploymentPostprocessing = 0;
		};
		6778A4812A0A415F00D73CAF /* Resources */ = {
			isa = PBXResourcesBuildPhase;
			buildActionMask = 2147483647;
			files = (
			);
			runOnlyForDeploymentPostprocessing = 0;
		};
		6778A48B2A0A415F00D73CAF /* Resources */ = {
			isa = PBXResourcesBuildPhase;
			buildActionMask = 2147483647;
			files = (
			);
			runOnlyForDeploymentPostprocessing = 0;
		};
/* End PBXResourcesBuildPhase section */

/* Begin PBXShellScriptBuildPhase section */
		17587E61A12A61F7513E8BE8 /* [CP] Check Pods Manifest.lock */ = {
			isa = PBXShellScriptBuildPhase;
			buildActionMask = 2147483647;
			files = (
			);
			inputFileListPaths = (
			);
			inputPaths = (
				"${PODS_PODFILE_DIR_PATH}/Podfile.lock",
				"${PODS_ROOT}/Manifest.lock",
			);
			name = "[CP] Check Pods Manifest.lock";
			outputFileListPaths = (
			);
			outputPaths = (
				"$(DERIVED_FILE_DIR)/Pods-ARSiteGuideTests-checkManifestLockResult.txt",
			);
			runOnlyForDeploymentPostprocessing = 0;
			shellPath = /bin/sh;
			shellScript = "diff \"${PODS_PODFILE_DIR_PATH}/Podfile.lock\" \"${PODS_ROOT}/Manifest.lock\" > /dev/null\nif [ $? != 0 ] ; then\n    # print error to STDERR\n    echo \"error: The sandbox is not in sync with the Podfile.lock. Run 'pod install' or update your CocoaPods installation.\" >&2\n    exit 1\nfi\n# This output is used by Xcode 'outputs' to avoid re-running this script phase.\necho \"SUCCESS\" > \"${SCRIPT_OUTPUT_FILE_0}\"\n";
			showEnvVarsInLog = 0;
		};
		3470F60041DB0C65749EF4F4 /* [CP] Embed Pods Frameworks */ = {
			isa = PBXShellScriptBuildPhase;
			buildActionMask = 2147483647;
			files = (
			);
			inputFileListPaths = (
				"${PODS_ROOT}/Target Support Files/Pods-ARSiteGuide/Pods-ARSiteGuide-frameworks-${CONFIGURATION}-input-files.xcfilelist",
			);
			name = "[CP] Embed Pods Frameworks";
			outputFileListPaths = (
				"${PODS_ROOT}/Target Support Files/Pods-ARSiteGuide/Pods-ARSiteGuide-frameworks-${CONFIGURATION}-output-files.xcfilelist",
			);
			runOnlyForDeploymentPostprocessing = 0;
			shellPath = /bin/sh;
			shellScript = "\"${PODS_ROOT}/Target Support Files/Pods-ARSiteGuide/Pods-ARSiteGuide-frameworks.sh\"\n";
			showEnvVarsInLog = 0;
		};
		C80846113740312EF19C6803 /* [CP] Check Pods Manifest.lock */ = {
			isa = PBXShellScriptBuildPhase;
			buildActionMask = 2147483647;
			files = (
			);
			inputFileListPaths = (
			);
			inputPaths = (
				"${PODS_PODFILE_DIR_PATH}/Podfile.lock",
				"${PODS_ROOT}/Manifest.lock",
			);
			name = "[CP] Check Pods Manifest.lock";
			outputFileListPaths = (
			);
			outputPaths = (
				"$(DERIVED_FILE_DIR)/Pods-ARSiteGuide-ARSiteGuideUITests-checkManifestLockResult.txt",
			);
			runOnlyForDeploymentPostprocessing = 0;
			shellPath = /bin/sh;
			shellScript = "diff \"${PODS_PODFILE_DIR_PATH}/Podfile.lock\" \"${PODS_ROOT}/Manifest.lock\" > /dev/null\nif [ $? != 0 ] ; then\n    # print error to STDERR\n    echo \"error: The sandbox is not in sync with the Podfile.lock. Run 'pod install' or update your CocoaPods installation.\" >&2\n    exit 1\nfi\n# This output is used by Xcode 'outputs' to avoid re-running this script phase.\necho \"SUCCESS\" > \"${SCRIPT_OUTPUT_FILE_0}\"\n";
			showEnvVarsInLog = 0;
		};
		DFB425D2F35C11BE206C24FB /* [CP] Embed Pods Frameworks */ = {
			isa = PBXShellScriptBuildPhase;
			buildActionMask = 2147483647;
			files = (
			);
			inputFileListPaths = (
				"${PODS_ROOT}/Target Support Files/Pods-ARSiteGuide-ARSiteGuideUITests/Pods-ARSiteGuide-ARSiteGuideUITests-frameworks-${CONFIGURATION}-input-files.xcfilelist",
			);
			name = "[CP] Embed Pods Frameworks";
			outputFileListPaths = (
				"${PODS_ROOT}/Target Support Files/Pods-ARSiteGuide-ARSiteGuideUITests/Pods-ARSiteGuide-ARSiteGuideUITests-frameworks-${CONFIGURATION}-output-files.xcfilelist",
			);
			runOnlyForDeploymentPostprocessing = 0;
			shellPath = /bin/sh;
			shellScript = "\"${PODS_ROOT}/Target Support Files/Pods-ARSiteGuide-ARSiteGuideUITests/Pods-ARSiteGuide-ARSiteGuideUITests-frameworks.sh\"\n";
			showEnvVarsInLog = 0;
		};
		ED59258E12818F75D0D93B33 /* [CP] Check Pods Manifest.lock */ = {
			isa = PBXShellScriptBuildPhase;
			buildActionMask = 2147483647;
			files = (
			);
			inputFileListPaths = (
			);
			inputPaths = (
				"${PODS_PODFILE_DIR_PATH}/Podfile.lock",
				"${PODS_ROOT}/Manifest.lock",
			);
			name = "[CP] Check Pods Manifest.lock";
			outputFileListPaths = (
			);
			outputPaths = (
				"$(DERIVED_FILE_DIR)/Pods-ARSiteGuide-checkManifestLockResult.txt",
			);
			runOnlyForDeploymentPostprocessing = 0;
			shellPath = /bin/sh;
			shellScript = "diff \"${PODS_PODFILE_DIR_PATH}/Podfile.lock\" \"${PODS_ROOT}/Manifest.lock\" > /dev/null\nif [ $? != 0 ] ; then\n    # print error to STDERR\n    echo \"error: The sandbox is not in sync with the Podfile.lock. Run 'pod install' or update your CocoaPods installation.\" >&2\n    exit 1\nfi\n# This output is used by Xcode 'outputs' to avoid re-running this script phase.\necho \"SUCCESS\" > \"${SCRIPT_OUTPUT_FILE_0}\"\n";
			showEnvVarsInLog = 0;
		};
/* End PBXShellScriptBuildPhase section */

/* Begin PBXSourcesBuildPhase section */
		6778A46E2A0A415D00D73CAF /* Sources */ = {
			isa = PBXSourcesBuildPhase;
			buildActionMask = 2147483647;
			files = (
				B62C69FD2A0A4683008EB196 /* ARViewController.swift in Sources */,
				B6343FF52A0A90E3002E2EC6 /* SCNScene+Extension.swift in Sources */,
				6778A4A32A0A441F00D73CAF /* LoginView.swift in Sources */,
				676922DD2A0A49EF00A1E657 /* SplashView.swift in Sources */,
				6778A4782A0A415D00D73CAF /* ContentView.swift in Sources */,
				B62C6A012A0A4708008EB196 /* WrapperView.swift in Sources */,
				6778A4762A0A415D00D73CAF /* ARSiteGuideApp.swift in Sources */,
				B6343FFF2A0A9660002E2EC6 /* Asset3D.swift in Sources */,
			);
			runOnlyForDeploymentPostprocessing = 0;
		};
		6778A47F2A0A415F00D73CAF /* Sources */ = {
			isa = PBXSourcesBuildPhase;
			buildActionMask = 2147483647;
			files = (
				6778A4882A0A415F00D73CAF /* ARSiteGuideTests.swift in Sources */,
			);
			runOnlyForDeploymentPostprocessing = 0;
		};
		6778A4892A0A415F00D73CAF /* Sources */ = {
			isa = PBXSourcesBuildPhase;
			buildActionMask = 2147483647;
			files = (
				6778A4922A0A415F00D73CAF /* ARSiteGuideUITests.swift in Sources */,
				6778A4942A0A415F00D73CAF /* ARSiteGuideUITestsLaunchTests.swift in Sources */,
			);
			runOnlyForDeploymentPostprocessing = 0;
		};
/* End PBXSourcesBuildPhase section */

/* Begin PBXTargetDependency section */
		6778A4852A0A415F00D73CAF /* PBXTargetDependency */ = {
			isa = PBXTargetDependency;
			target = 6778A4712A0A415D00D73CAF /* ARSiteGuide */;
			targetProxy = 6778A4842A0A415F00D73CAF /* PBXContainerItemProxy */;
		};
		6778A48F2A0A415F00D73CAF /* PBXTargetDependency */ = {
			isa = PBXTargetDependency;
			target = 6778A4712A0A415D00D73CAF /* ARSiteGuide */;
			targetProxy = 6778A48E2A0A415F00D73CAF /* PBXContainerItemProxy */;
		};
/* End PBXTargetDependency section */

/* Begin XCBuildConfiguration section */
		6778A4952A0A415F00D73CAF /* Debug */ = {
			isa = XCBuildConfiguration;
			buildSettings = {
				ALWAYS_SEARCH_USER_PATHS = NO;
				CLANG_ANALYZER_NONNULL = YES;
				CLANG_ANALYZER_NUMBER_OBJECT_CONVERSION = YES_AGGRESSIVE;
				CLANG_CXX_LANGUAGE_STANDARD = "gnu++20";
				CLANG_ENABLE_MODULES = YES;
				CLANG_ENABLE_OBJC_ARC = YES;
				CLANG_ENABLE_OBJC_WEAK = YES;
				CLANG_WARN_BLOCK_CAPTURE_AUTORELEASING = YES;
				CLANG_WARN_BOOL_CONVERSION = YES;
				CLANG_WARN_COMMA = YES;
				CLANG_WARN_CONSTANT_CONVERSION = YES;
				CLANG_WARN_DEPRECATED_OBJC_IMPLEMENTATIONS = YES;
				CLANG_WARN_DIRECT_OBJC_ISA_USAGE = YES_ERROR;
				CLANG_WARN_DOCUMENTATION_COMMENTS = YES;
				CLANG_WARN_EMPTY_BODY = YES;
				CLANG_WARN_ENUM_CONVERSION = YES;
				CLANG_WARN_INFINITE_RECURSION = YES;
				CLANG_WARN_INT_CONVERSION = YES;
				CLANG_WARN_NON_LITERAL_NULL_CONVERSION = YES;
				CLANG_WARN_OBJC_IMPLICIT_RETAIN_SELF = YES;
				CLANG_WARN_OBJC_LITERAL_CONVERSION = YES;
				CLANG_WARN_OBJC_ROOT_CLASS = YES_ERROR;
				CLANG_WARN_QUOTED_INCLUDE_IN_FRAMEWORK_HEADER = YES;
				CLANG_WARN_RANGE_LOOP_ANALYSIS = YES;
				CLANG_WARN_STRICT_PROTOTYPES = YES;
				CLANG_WARN_SUSPICIOUS_MOVE = YES;
				CLANG_WARN_UNGUARDED_AVAILABILITY = YES_AGGRESSIVE;
				CLANG_WARN_UNREACHABLE_CODE = YES;
				CLANG_WARN__DUPLICATE_METHOD_MATCH = YES;
				COPY_PHASE_STRIP = NO;
				DEBUG_INFORMATION_FORMAT = dwarf;
				ENABLE_STRICT_OBJC_MSGSEND = YES;
				ENABLE_TESTABILITY = YES;
				GCC_C_LANGUAGE_STANDARD = gnu11;
				GCC_DYNAMIC_NO_PIC = NO;
				GCC_NO_COMMON_BLOCKS = YES;
				GCC_OPTIMIZATION_LEVEL = 0;
				GCC_PREPROCESSOR_DEFINITIONS = (
					"DEBUG=1",
					"$(inherited)",
				);
				GCC_WARN_64_TO_32_BIT_CONVERSION = YES;
				GCC_WARN_ABOUT_RETURN_TYPE = YES_ERROR;
				GCC_WARN_UNDECLARED_SELECTOR = YES;
				GCC_WARN_UNINITIALIZED_AUTOS = YES_AGGRESSIVE;
				GCC_WARN_UNUSED_FUNCTION = YES;
				GCC_WARN_UNUSED_VARIABLE = YES;
				MTL_ENABLE_DEBUG_INFO = INCLUDE_SOURCE;
				MTL_FAST_MATH = YES;
				ONLY_ACTIVE_ARCH = YES;
				SWIFT_ACTIVE_COMPILATION_CONDITIONS = DEBUG;
				SWIFT_OPTIMIZATION_LEVEL = "-Onone";
			};
			name = Debug;
		};
		6778A4962A0A415F00D73CAF /* Release */ = {
			isa = XCBuildConfiguration;
			buildSettings = {
				ALWAYS_SEARCH_USER_PATHS = NO;
				CLANG_ANALYZER_NONNULL = YES;
				CLANG_ANALYZER_NUMBER_OBJECT_CONVERSION = YES_AGGRESSIVE;
				CLANG_CXX_LANGUAGE_STANDARD = "gnu++20";
				CLANG_ENABLE_MODULES = YES;
				CLANG_ENABLE_OBJC_ARC = YES;
				CLANG_ENABLE_OBJC_WEAK = YES;
				CLANG_WARN_BLOCK_CAPTURE_AUTORELEASING = YES;
				CLANG_WARN_BOOL_CONVERSION = YES;
				CLANG_WARN_COMMA = YES;
				CLANG_WARN_CONSTANT_CONVERSION = YES;
				CLANG_WARN_DEPRECATED_OBJC_IMPLEMENTATIONS = YES;
				CLANG_WARN_DIRECT_OBJC_ISA_USAGE = YES_ERROR;
				CLANG_WARN_DOCUMENTATION_COMMENTS = YES;
				CLANG_WARN_EMPTY_BODY = YES;
				CLANG_WARN_ENUM_CONVERSION = YES;
				CLANG_WARN_INFINITE_RECURSION = YES;
				CLANG_WARN_INT_CONVERSION = YES;
				CLANG_WARN_NON_LITERAL_NULL_CONVERSION = YES;
				CLANG_WARN_OBJC_IMPLICIT_RETAIN_SELF = YES;
				CLANG_WARN_OBJC_LITERAL_CONVERSION = YES;
				CLANG_WARN_OBJC_ROOT_CLASS = YES_ERROR;
				CLANG_WARN_QUOTED_INCLUDE_IN_FRAMEWORK_HEADER = YES;
				CLANG_WARN_RANGE_LOOP_ANALYSIS = YES;
				CLANG_WARN_STRICT_PROTOTYPES = YES;
				CLANG_WARN_SUSPICIOUS_MOVE = YES;
				CLANG_WARN_UNGUARDED_AVAILABILITY = YES_AGGRESSIVE;
				CLANG_WARN_UNREACHABLE_CODE = YES;
				CLANG_WARN__DUPLICATE_METHOD_MATCH = YES;
				COPY_PHASE_STRIP = NO;
				DEBUG_INFORMATION_FORMAT = "dwarf-with-dsym";
				ENABLE_NS_ASSERTIONS = NO;
				ENABLE_STRICT_OBJC_MSGSEND = YES;
				GCC_C_LANGUAGE_STANDARD = gnu11;
				GCC_NO_COMMON_BLOCKS = YES;
				GCC_WARN_64_TO_32_BIT_CONVERSION = YES;
				GCC_WARN_ABOUT_RETURN_TYPE = YES_ERROR;
				GCC_WARN_UNDECLARED_SELECTOR = YES;
				GCC_WARN_UNINITIALIZED_AUTOS = YES_AGGRESSIVE;
				GCC_WARN_UNUSED_FUNCTION = YES;
				GCC_WARN_UNUSED_VARIABLE = YES;
				MTL_ENABLE_DEBUG_INFO = NO;
				MTL_FAST_MATH = YES;
				SWIFT_COMPILATION_MODE = wholemodule;
				SWIFT_OPTIMIZATION_LEVEL = "-O";
			};
			name = Release;
		};
		6778A4982A0A415F00D73CAF /* Debug */ = {
			isa = XCBuildConfiguration;
			baseConfigurationReference = D3702AB2593786E8995165BB /* Pods-ARSiteGuide.debug.xcconfig */;
			buildSettings = {
				ASSETCATALOG_COMPILER_APPICON_NAME = AppIcon;
				ASSETCATALOG_COMPILER_GLOBAL_ACCENT_COLOR_NAME = AccentColor;
				CODE_SIGN_ENTITLEMENTS = ARSiteGuide/ARSiteGuide.entitlements;
				CODE_SIGN_STYLE = Automatic;
				CURRENT_PROJECT_VERSION = 1;
				DEVELOPMENT_ASSET_PATHS = "\"ARSiteGuide/Preview Content\"";
				DEVELOPMENT_TEAM = 748NN37F9B;
				ENABLE_PREVIEWS = YES;
				GENERATE_INFOPLIST_FILE = YES;
				INFOPLIST_KEY_NSCameraUsageDescription = "We use your camera to guide you how to use different machinery";
				"INFOPLIST_KEY_UIApplicationSceneManifest_Generation[sdk=iphoneos*]" = YES;
				"INFOPLIST_KEY_UIApplicationSceneManifest_Generation[sdk=iphonesimulator*]" = YES;
				"INFOPLIST_KEY_UIApplicationSupportsIndirectInputEvents[sdk=iphoneos*]" = YES;
				"INFOPLIST_KEY_UIApplicationSupportsIndirectInputEvents[sdk=iphonesimulator*]" = YES;
				"INFOPLIST_KEY_UILaunchScreen_Generation[sdk=iphoneos*]" = YES;
				"INFOPLIST_KEY_UILaunchScreen_Generation[sdk=iphonesimulator*]" = YES;
				"INFOPLIST_KEY_UIStatusBarStyle[sdk=iphoneos*]" = UIStatusBarStyleDefault;
				"INFOPLIST_KEY_UIStatusBarStyle[sdk=iphonesimulator*]" = UIStatusBarStyleDefault;
				INFOPLIST_KEY_UISupportedInterfaceOrientations_iPad = "UIInterfaceOrientationPortrait UIInterfaceOrientationPortraitUpsideDown UIInterfaceOrientationLandscapeLeft UIInterfaceOrientationLandscapeRight";
				INFOPLIST_KEY_UISupportedInterfaceOrientations_iPhone = "UIInterfaceOrientationPortrait UIInterfaceOrientationLandscapeLeft UIInterfaceOrientationLandscapeRight";
				IPHONEOS_DEPLOYMENT_TARGET = 16.2;
				LD_RUNPATH_SEARCH_PATHS = "@executable_path/Frameworks";
				"LD_RUNPATH_SEARCH_PATHS[sdk=macosx*]" = "@executable_path/../Frameworks";
				MACOSX_DEPLOYMENT_TARGET = 13.1;
				MARKETING_VERSION = 1.0;
				PRODUCT_BUNDLE_IDENTIFIER = com.ARSiteGuide;
				PRODUCT_NAME = "$(TARGET_NAME)";
				SDKROOT = auto;
				SUPPORTED_PLATFORMS = "iphoneos iphonesimulator";
				SUPPORTS_MACCATALYST = NO;
				SUPPORTS_MAC_DESIGNED_FOR_IPHONE_IPAD = NO;
				SWIFT_EMIT_LOC_STRINGS = YES;
				SWIFT_VERSION = 5.0;
				TARGETED_DEVICE_FAMILY = "1,2";
			};
			name = Debug;
		};
		6778A4992A0A415F00D73CAF /* Release */ = {
			isa = XCBuildConfiguration;
			baseConfigurationReference = 0B4E4952674603753585626C /* Pods-ARSiteGuide.release.xcconfig */;
			buildSettings = {
				ASSETCATALOG_COMPILER_APPICON_NAME = AppIcon;
				ASSETCATALOG_COMPILER_GLOBAL_ACCENT_COLOR_NAME = AccentColor;
				CODE_SIGN_ENTITLEMENTS = ARSiteGuide/ARSiteGuide.entitlements;
				CODE_SIGN_STYLE = Automatic;
				CURRENT_PROJECT_VERSION = 1;
				DEVELOPMENT_ASSET_PATHS = "\"ARSiteGuide/Preview Content\"";
				DEVELOPMENT_TEAM = 748NN37F9B;
				ENABLE_PREVIEWS = YES;
				GENERATE_INFOPLIST_FILE = YES;
				INFOPLIST_KEY_NSCameraUsageDescription = "We use your camera to guide you how to use different machinery";
				"INFOPLIST_KEY_UIApplicationSceneManifest_Generation[sdk=iphoneos*]" = YES;
				"INFOPLIST_KEY_UIApplicationSceneManifest_Generation[sdk=iphonesimulator*]" = YES;
				"INFOPLIST_KEY_UIApplicationSupportsIndirectInputEvents[sdk=iphoneos*]" = YES;
				"INFOPLIST_KEY_UIApplicationSupportsIndirectInputEvents[sdk=iphonesimulator*]" = YES;
				"INFOPLIST_KEY_UILaunchScreen_Generation[sdk=iphoneos*]" = YES;
				"INFOPLIST_KEY_UILaunchScreen_Generation[sdk=iphonesimulator*]" = YES;
				"INFOPLIST_KEY_UIStatusBarStyle[sdk=iphoneos*]" = UIStatusBarStyleDefault;
				"INFOPLIST_KEY_UIStatusBarStyle[sdk=iphonesimulator*]" = UIStatusBarStyleDefault;
				INFOPLIST_KEY_UISupportedInterfaceOrientations_iPad = "UIInterfaceOrientationPortrait UIInterfaceOrientationPortraitUpsideDown UIInterfaceOrientationLandscapeLeft UIInterfaceOrientationLandscapeRight";
				INFOPLIST_KEY_UISupportedInterfaceOrientations_iPhone = "UIInterfaceOrientationPortrait UIInterfaceOrientationLandscapeLeft UIInterfaceOrientationLandscapeRight";
				IPHONEOS_DEPLOYMENT_TARGET = 16.2;
				LD_RUNPATH_SEARCH_PATHS = "@executable_path/Frameworks";
				"LD_RUNPATH_SEARCH_PATHS[sdk=macosx*]" = "@executable_path/../Frameworks";
				MACOSX_DEPLOYMENT_TARGET = 13.1;
				MARKETING_VERSION = 1.0;
				PRODUCT_BUNDLE_IDENTIFIER = com.ARSiteGuide;
				PRODUCT_NAME = "$(TARGET_NAME)";
				SDKROOT = auto;
				SUPPORTED_PLATFORMS = "iphoneos iphonesimulator";
				SUPPORTS_MACCATALYST = NO;
				SUPPORTS_MAC_DESIGNED_FOR_IPHONE_IPAD = NO;
				SWIFT_EMIT_LOC_STRINGS = YES;
				SWIFT_VERSION = 5.0;
				TARGETED_DEVICE_FAMILY = "1,2";
			};
			name = Release;
		};
		6778A49B2A0A415F00D73CAF /* Debug */ = {
			isa = XCBuildConfiguration;
			baseConfigurationReference = 6D1F28D4FBA724DD731E42EB /* Pods-ARSiteGuideTests.debug.xcconfig */;
			buildSettings = {
				ALWAYS_EMBED_SWIFT_STANDARD_LIBRARIES = YES;
				BUNDLE_LOADER = "$(TEST_HOST)";
				CODE_SIGN_STYLE = Automatic;
				CURRENT_PROJECT_VERSION = 1;
				GENERATE_INFOPLIST_FILE = YES;
				IPHONEOS_DEPLOYMENT_TARGET = 16.2;
				MACOSX_DEPLOYMENT_TARGET = 13.1;
				MARKETING_VERSION = 1.0;
				PRODUCT_BUNDLE_IDENTIFIER = com.ARSiteGuideTests;
				PRODUCT_NAME = "$(TARGET_NAME)";
				SDKROOT = auto;
				SUPPORTED_PLATFORMS = "iphoneos iphonesimulator macosx";
				SWIFT_EMIT_LOC_STRINGS = NO;
				SWIFT_VERSION = 5.0;
				TARGETED_DEVICE_FAMILY = "1,2";
				TEST_HOST = "$(BUILT_PRODUCTS_DIR)/ARSiteGuide.app/$(BUNDLE_EXECUTABLE_FOLDER_PATH)/ARSiteGuide";
			};
			name = Debug;
		};
		6778A49C2A0A415F00D73CAF /* Release */ = {
			isa = XCBuildConfiguration;
			baseConfigurationReference = 4666494B80284640CD19B7BE /* Pods-ARSiteGuideTests.release.xcconfig */;
			buildSettings = {
				ALWAYS_EMBED_SWIFT_STANDARD_LIBRARIES = YES;
				BUNDLE_LOADER = "$(TEST_HOST)";
				CODE_SIGN_STYLE = Automatic;
				CURRENT_PROJECT_VERSION = 1;
				GENERATE_INFOPLIST_FILE = YES;
				IPHONEOS_DEPLOYMENT_TARGET = 16.2;
				MACOSX_DEPLOYMENT_TARGET = 13.1;
				MARKETING_VERSION = 1.0;
				PRODUCT_BUNDLE_IDENTIFIER = com.ARSiteGuideTests;
				PRODUCT_NAME = "$(TARGET_NAME)";
				SDKROOT = auto;
				SUPPORTED_PLATFORMS = "iphoneos iphonesimulator macosx";
				SWIFT_EMIT_LOC_STRINGS = NO;
				SWIFT_VERSION = 5.0;
				TARGETED_DEVICE_FAMILY = "1,2";
				TEST_HOST = "$(BUILT_PRODUCTS_DIR)/ARSiteGuide.app/$(BUNDLE_EXECUTABLE_FOLDER_PATH)/ARSiteGuide";
			};
			name = Release;
		};
		6778A49E2A0A415F00D73CAF /* Debug */ = {
			isa = XCBuildConfiguration;
			baseConfigurationReference = FA8BB4C20462D0C352BED100 /* Pods-ARSiteGuide-ARSiteGuideUITests.debug.xcconfig */;
			buildSettings = {
				ALWAYS_EMBED_SWIFT_STANDARD_LIBRARIES = YES;
				CODE_SIGN_STYLE = Automatic;
				CURRENT_PROJECT_VERSION = 1;
				GENERATE_INFOPLIST_FILE = YES;
				IPHONEOS_DEPLOYMENT_TARGET = 16.2;
				MACOSX_DEPLOYMENT_TARGET = 13.1;
				MARKETING_VERSION = 1.0;
				PRODUCT_BUNDLE_IDENTIFIER = com.ARSiteGuideUITests;
				PRODUCT_NAME = "$(TARGET_NAME)";
				SDKROOT = auto;
				SUPPORTED_PLATFORMS = "iphoneos iphonesimulator macosx";
				SWIFT_EMIT_LOC_STRINGS = NO;
				SWIFT_VERSION = 5.0;
				TARGETED_DEVICE_FAMILY = "1,2";
				TEST_TARGET_NAME = ARSiteGuide;
			};
			name = Debug;
		};
		6778A49F2A0A415F00D73CAF /* Release */ = {
			isa = XCBuildConfiguration;
			baseConfigurationReference = E5F5B179C77CC06FF863C54A /* Pods-ARSiteGuide-ARSiteGuideUITests.release.xcconfig */;
			buildSettings = {
				ALWAYS_EMBED_SWIFT_STANDARD_LIBRARIES = YES;
				CODE_SIGN_STYLE = Automatic;
				CURRENT_PROJECT_VERSION = 1;
				GENERATE_INFOPLIST_FILE = YES;
				IPHONEOS_DEPLOYMENT_TARGET = 16.2;
				MACOSX_DEPLOYMENT_TARGET = 13.1;
				MARKETING_VERSION = 1.0;
				PRODUCT_BUNDLE_IDENTIFIER = com.ARSiteGuideUITests;
				PRODUCT_NAME = "$(TARGET_NAME)";
				SDKROOT = auto;
				SUPPORTED_PLATFORMS = "iphoneos iphonesimulator macosx";
				SWIFT_EMIT_LOC_STRINGS = NO;
				SWIFT_VERSION = 5.0;
				TARGETED_DEVICE_FAMILY = "1,2";
				TEST_TARGET_NAME = ARSiteGuide;
			};
			name = Release;
		};
/* End XCBuildConfiguration section */

/* Begin XCConfigurationList section */
		6778A46D2A0A415D00D73CAF /* Build configuration list for PBXProject "ARSiteGuide" */ = {
			isa = XCConfigurationList;
			buildConfigurations = (
				6778A4952A0A415F00D73CAF /* Debug */,
				6778A4962A0A415F00D73CAF /* Release */,
			);
			defaultConfigurationIsVisible = 0;
			defaultConfigurationName = Release;
		};
		6778A4972A0A415F00D73CAF /* Build configuration list for PBXNativeTarget "ARSiteGuide" */ = {
			isa = XCConfigurationList;
			buildConfigurations = (
				6778A4982A0A415F00D73CAF /* Debug */,
				6778A4992A0A415F00D73CAF /* Release */,
			);
			defaultConfigurationIsVisible = 0;
			defaultConfigurationName = Release;
		};
		6778A49A2A0A415F00D73CAF /* Build configuration list for PBXNativeTarget "ARSiteGuideTests" */ = {
			isa = XCConfigurationList;
			buildConfigurations = (
				6778A49B2A0A415F00D73CAF /* Debug */,
				6778A49C2A0A415F00D73CAF /* Release */,
			);
			defaultConfigurationIsVisible = 0;
			defaultConfigurationName = Release;
		};
		6778A49D2A0A415F00D73CAF /* Build configuration list for PBXNativeTarget "ARSiteGuideUITests" */ = {
			isa = XCConfigurationList;
			buildConfigurations = (
				6778A49E2A0A415F00D73CAF /* Debug */,
				6778A49F2A0A415F00D73CAF /* Release */,
			);
			defaultConfigurationIsVisible = 0;
			defaultConfigurationName = Release;
		};
/* End XCConfigurationList section */
	};
	rootObject = 6778A46A2A0A415D00D73CAF /* Project object */;
}
